
Microsoft Visual Studio Solution File, Format Version 12.00
# Visual Studio Version 17
VisualStudioVersion = 17.3.32811.315
MinimumVisualStudioVersion = 10.0.40219.1
Project("{9A19103F-16F7-4668-BE54-9A1E7A4F7556}") = "apilearning", "apilearning\apilearning.csproj", "{B0A20223-85CE-458D-89E6-1F7152F3BF04}"
EndProject
Project("{9A19103F-16F7-4668-BE54-9A1E7A4F7556}") = "Share", "Share\Share.csproj", "{50CA70D6-080C-4E22-A150-A447093AB05A}"
EndProject
Project("{2150E333-8FDC-42A3-9474-1A3956D46DE8}") = "解决方案项", "解决方案项", "{9DCAC998-3BAD-4922-B24A-C58CDDBA9A64}"
	ProjectSection(SolutionItems) = preProject
		readme.md = readme.md
	EndProjectSection
EndProject
Global
	GlobalSection(SolutionConfigurationPlatforms) = preSolution
		Debug|Any CPU = Debug|Any CPU
		Release|Any CPU = Release|Any CPU
	EndGlobalSection
	GlobalSection(ProjectConfigurationPlatforms) = postSolution
		{B0A20223-85CE-458D-89E6-1F7152F3BF04}.Debug|Any CPU.ActiveCfg = Debug|Any CPU
		{B0A20223-85CE-458D-89E6-1F7152F3BF04}.Debug|Any CPU.Build.0 = Debug|Any CPU
		{B0A20223-85CE-458D-89E6-1F7152F3BF04}.Release|Any CPU.ActiveCfg = Release|Any CPU
		{B0A20223-85CE-458D-89E6-1F7152F3BF04}.Release|Any CPU.Build.0 = Release|Any CPU
		{50CA70D6-080C-4E22-A150-A447093AB05A}.Debug|Any CPU.ActiveCfg = Debug|Any CPU
		{50CA70D6-080C-4E22-A150-A447093AB05A}.Debug|Any CPU.Build.0 = Debug|Any CPU
		{50CA70D6-080C-4E22-A150-A447093AB05A}.Release|Any CPU.ActiveCfg = Release|Any CPU
		{50CA70D6-080C-4E22-A150-A447093AB05A}.Release|Any CPU.Build.0 = Release|Any CPU
	EndGlobalSection
	GlobalSection(SolutionProperties) = preSolution
		HideSolutionNode = FALSE
	EndGlobalSection
	GlobalSection(ExtensibilityGlobals) = postSolution
		SolutionGuid = {1B17F727-743D-463A-8FE7-A23BF8C15144}
	EndGlobalSection
EndGlobal
